
Microsoft Visual Studio Solution File, Format Version 12.00
# Visual Studio 15
VisualStudioVersion = 15.0.27004.2002
MinimumVisualStudioVersion = 10.0.40219.1
Project("{FAE04EC0-301F-11D3-BF4B-00C04F79EFBC}") = "Part24", "Part24\Part24.csproj", "{C2E73C28-3E50-4C38-8609-4A4C1BB20B49}"
EndProject
Global
	GlobalSection(SolutionConfigurationPlatforms) = preSolution
		Debug|Any CPU = Debug|Any CPU
		Release|Any CPU = Release|Any CPU
	EndGlobalSection
	GlobalSection(ProjectConfigurationPlatforms) = postSolution
		{C2E73C28-3E50-4C38-8609-4A4C1BB20B49}.Debug|Any CPU.ActiveCfg = Debug|Any CPU
		{C2E73C28-3E50-4C38-8609-4A4C1BB20B49}.Debug|Any CPU.Build.0 = Debug|Any CPU
		{C2E73C28-3E50-4C38-8609-4A4C1BB20B49}.Release|Any CPU.ActiveCfg = Release|Any CPU
		{C2E73C28-3E50-4C38-8609-4A4C1BB20B49}.Release|Any CPU.Build.0 = Release|Any CPU
	EndGlobalSection
	GlobalSection(SolutionProperties) = preSolution
		HideSolutionNode = FALSE
	EndGlobalSection
	GlobalSection(ExtensibilityGlobals) = postSolution
		SolutionGuid = {3936DC9F-578D-4AC9-A4D9-131C55DB0810}
	EndGlobalSection
EndGlobal
