
Microsoft Visual Studio Solution File, Format Version 12.00
# Visual Studio 15
VisualStudioVersion = 15.0.27004.2002
MinimumVisualStudioVersion = 10.0.40219.1
Project("{FAE04EC0-301F-11D3-BF4B-00C04F79EFBC}") = "Part21", "Part21\Part21.csproj", "{B0C73398-6463-4867-95CC-5739B63B159E}"
EndProject
Global
	GlobalSection(SolutionConfigurationPlatforms) = preSolution
		Debug|Any CPU = Debug|Any CPU
		Release|Any CPU = Release|Any CPU
	EndGlobalSection
	GlobalSection(ProjectConfigurationPlatforms) = postSolution
		{B0C73398-6463-4867-95CC-5739B63B159E}.Debug|Any CPU.ActiveCfg = Debug|Any CPU
		{B0C73398-6463-4867-95CC-5739B63B159E}.Debug|Any CPU.Build.0 = Debug|Any CPU
		{B0C73398-6463-4867-95CC-5739B63B159E}.Release|Any CPU.ActiveCfg = Release|Any CPU
		{B0C73398-6463-4867-95CC-5739B63B159E}.Release|Any CPU.Build.0 = Release|Any CPU
	EndGlobalSection
	GlobalSection(SolutionProperties) = preSolution
		HideSolutionNode = FALSE
	EndGlobalSection
	GlobalSection(ExtensibilityGlobals) = postSolution
		SolutionGuid = {8D866B40-675A-4810-977F-0E9B8A45D1CF}
	EndGlobalSection
EndGlobal
