
Microsoft Visual Studio Solution File, Format Version 12.00
# Visual Studio 15
VisualStudioVersion = 15.0.27004.2002
MinimumVisualStudioVersion = 10.0.40219.1
Project("{FAE04EC0-301F-11D3-BF4B-00C04F79EFBC}") = "Part27", "Part27\Part27.csproj", "{6479C6BC-1F22-47BC-85E4-07F029290344}"
EndProject
Global
	GlobalSection(SolutionConfigurationPlatforms) = preSolution
		Debug|Any CPU = Debug|Any CPU
		Release|Any CPU = Release|Any CPU
	EndGlobalSection
	GlobalSection(ProjectConfigurationPlatforms) = postSolution
		{6479C6BC-1F22-47BC-85E4-07F029290344}.Debug|Any CPU.ActiveCfg = Debug|Any CPU
		{6479C6BC-1F22-47BC-85E4-07F029290344}.Debug|Any CPU.Build.0 = Debug|Any CPU
		{6479C6BC-1F22-47BC-85E4-07F029290344}.Release|Any CPU.ActiveCfg = Release|Any CPU
		{6479C6BC-1F22-47BC-85E4-07F029290344}.Release|Any CPU.Build.0 = Release|Any CPU
	EndGlobalSection
	GlobalSection(SolutionProperties) = preSolution
		HideSolutionNode = FALSE
	EndGlobalSection
	GlobalSection(ExtensibilityGlobals) = postSolution
		SolutionGuid = {69E51CB2-CEAD-489D-9DDC-B080CB15EAD6}
	EndGlobalSection
EndGlobal
