
Microsoft Visual Studio Solution File, Format Version 12.00
# Visual Studio 15
VisualStudioVersion = 15.0.27004.2002
MinimumVisualStudioVersion = 10.0.40219.1
Project("{FAE04EC0-301F-11D3-BF4B-00C04F79EFBC}") = "Part22", "Part22\Part22.csproj", "{90FBBD36-21A7-4124-AAEE-5030A218524F}"
EndProject
Global
	GlobalSection(SolutionConfigurationPlatforms) = preSolution
		Debug|Any CPU = Debug|Any CPU
		Release|Any CPU = Release|Any CPU
	EndGlobalSection
	GlobalSection(ProjectConfigurationPlatforms) = postSolution
		{90FBBD36-21A7-4124-AAEE-5030A218524F}.Debug|Any CPU.ActiveCfg = Debug|Any CPU
		{90FBBD36-21A7-4124-AAEE-5030A218524F}.Debug|Any CPU.Build.0 = Debug|Any CPU
		{90FBBD36-21A7-4124-AAEE-5030A218524F}.Release|Any CPU.ActiveCfg = Release|Any CPU
		{90FBBD36-21A7-4124-AAEE-5030A218524F}.Release|Any CPU.Build.0 = Release|Any CPU
	EndGlobalSection
	GlobalSection(SolutionProperties) = preSolution
		HideSolutionNode = FALSE
	EndGlobalSection
	GlobalSection(ExtensibilityGlobals) = postSolution
		SolutionGuid = {9361F259-1DB0-4F45-B179-07C157BD520B}
	EndGlobalSection
EndGlobal
