
Microsoft Visual Studio Solution File, Format Version 12.00
# Visual Studio 15
VisualStudioVersion = 15.0.27004.2002
MinimumVisualStudioVersion = 10.0.40219.1
Project("{FAE04EC0-301F-11D3-BF4B-00C04F79EFBC}") = "Part15", "Part15\Part15.csproj", "{3C88F753-9304-480A-9ED1-31E227533BAD}"
EndProject
Global
	GlobalSection(SolutionConfigurationPlatforms) = preSolution
		Debug|Any CPU = Debug|Any CPU
		Release|Any CPU = Release|Any CPU
	EndGlobalSection
	GlobalSection(ProjectConfigurationPlatforms) = postSolution
		{3C88F753-9304-480A-9ED1-31E227533BAD}.Debug|Any CPU.ActiveCfg = Debug|Any CPU
		{3C88F753-9304-480A-9ED1-31E227533BAD}.Debug|Any CPU.Build.0 = Debug|Any CPU
		{3C88F753-9304-480A-9ED1-31E227533BAD}.Release|Any CPU.ActiveCfg = Release|Any CPU
		{3C88F753-9304-480A-9ED1-31E227533BAD}.Release|Any CPU.Build.0 = Release|Any CPU
	EndGlobalSection
	GlobalSection(SolutionProperties) = preSolution
		HideSolutionNode = FALSE
	EndGlobalSection
	GlobalSection(ExtensibilityGlobals) = postSolution
		SolutionGuid = {4807FE5B-C562-4294-9338-E3FDB52411B3}
	EndGlobalSection
EndGlobal
